Microsoft Visual Studio Solution File, Format Version 12.00
# Visual Studio Version 17
VisualStudioVersion = 17.5.2.0
MinimumVisualStudioVersion = 10.0.40219.1
Project("{FAE04EC0-301F-11D3-BF4B-00C04F79EFBC}") = "weasel_job", "weasel_job.csproj", "{BF94AD9B-BF20-736B-A993-F68B413119D9}"
EndProject
Global
	GlobalSection(SolutionConfigurationPlatforms) = preSolution
		Debug|Any CPU = Debug|Any CPU
		Release|Any CPU = Release|Any CPU
	EndGlobalSection
	GlobalSection(ProjectConfigurationPlatforms) = postSolution
		{BF94AD9B-BF20-736B-A993-F68B413119D9}.Debug|Any CPU.ActiveCfg = Debug|Any CPU
		{BF94AD9B-BF20-736B-A993-F68B413119D9}.Debug|Any CPU.Build.0 = Debug|Any CPU
		{BF94AD9B-BF20-736B-A993-F68B413119D9}.Release|Any CPU.ActiveCfg = Release|Any CPU
		{BF94AD9B-BF20-736B-A993-F68B413119D9}.Release|Any CPU.Build.0 = Release|Any CPU
	EndGlobalSection
	GlobalSection(SolutionProperties) = preSolution
		HideSolutionNode = FALSE
	EndGlobalSection
	GlobalSection(ExtensibilityGlobals) = postSolution
		SolutionGuid = {5A24B0C4-D9F9-4EB8-9CE6-5CA65A26C9C3}
	EndGlobalSection
EndGlobal
